
Microsoft Visual Studio Solution File, Format Version 12.00
# Visual Studio Version 17
VisualStudioVersion = 17.5.002.0
MinimumVisualStudioVersion = 10.0.40219.1
Project("{2150E333-8FDC-42A3-9474-1A3956D46DE8}") = "src", "src", "{241460BC-64F9-46BD-96E1-0F23A3BB46B3}"
EndProject
Project("{9A19103F-16F7-4668-BE54-9A1E7A4F7556}") = "Inventory", "src\Inventory\Inventory.csproj", "{3F5D1CD8-D633-4658-BEB2-F4EE135B662E}"
EndProject
Global
	GlobalSection(SolutionConfigurationPlatforms) = preSolution
		Debug|Any CPU = Debug|Any CPU
		Release|Any CPU = Release|Any CPU
	EndGlobalSection
	GlobalSection(ProjectConfigurationPlatforms) = postSolution
		{3F5D1CD8-D633-4658-BEB2-F4EE135B662E}.Debug|Any CPU.ActiveCfg = Debug|Any CPU
		{3F5D1CD8-D633-4658-BEB2-F4EE135B662E}.Debug|Any CPU.Build.0 = Debug|Any CPU
		{3F5D1CD8-D633-4658-BEB2-F4EE135B662E}.Release|Any CPU.ActiveCfg = Release|Any CPU
		{3F5D1CD8-D633-4658-BEB2-F4EE135B662E}.Release|Any CPU.Build.0 = Release|Any CPU
	EndGlobalSection
	GlobalSection(SolutionProperties) = preSolution
		HideSolutionNode = FALSE
	EndGlobalSection
	GlobalSection(NestedProjects) = preSolution
		{3F5D1CD8-D633-4658-BEB2-F4EE135B662E} = {241460BC-64F9-46BD-96E1-0F23A3BB46B3}
	EndGlobalSection
	GlobalSection(ExtensibilityGlobals) = postSolution
		SolutionGuid = {C371E219-B6EA-4C6A-B5C0-A08B8A70483D}
	EndGlobalSection
EndGlobal
